
Microsoft Visual Studio Solution File, Format Version 12.00
# Visual Studio Version 17
VisualStudioVersion = 17.9.34607.119
MinimumVisualStudioVersion = 10.0.40219.1
Project("{FAE04EC0-301F-11D3-BF4B-00C04F79EFBC}") = "ElysianFunctions", "ElysianFunctions.csproj", "{8AEB8F09-BEAD-443F-B8FB-E5F06B57B361}"
EndProject
Global
	GlobalSection(SolutionConfigurationPlatforms) = preSolution
		Debug|Any CPU = Debug|Any CPU
		Release|Any CPU = Release|Any CPU
	EndGlobalSection
	GlobalSection(ProjectConfigurationPlatforms) = postSolution
		{8AEB8F09-BEAD-443F-B8FB-E5F06B57B361}.Debug|Any CPU.ActiveCfg = Debug|Any CPU
		{8AEB8F09-BEAD-443F-B8FB-E5F06B57B361}.Debug|Any CPU.Build.0 = Debug|Any CPU
		{8AEB8F09-BEAD-443F-B8FB-E5F06B57B361}.Release|Any CPU.ActiveCfg = Release|Any CPU
		{8AEB8F09-BEAD-443F-B8FB-E5F06B57B361}.Release|Any CPU.Build.0 = Release|Any CPU
	EndGlobalSection
	GlobalSection(SolutionProperties) = preSolution
		HideSolutionNode = FALSE
	EndGlobalSection
	GlobalSection(ExtensibilityGlobals) = postSolution
		SolutionGuid = {1C8CB00E-FC23-40CC-B8A6-1668C2149D89}
	EndGlobalSection
EndGlobal
